
Microsoft Visual Studio Solution File, Format Version 12.00
# Visual Studio 15
VisualStudioVersion = 15.0.28307.852
MinimumVisualStudioVersion = 10.0.40219.1
Project("{FAE04EC0-301F-11D3-BF4B-00C04F79EFBC}") = "SaleTotal", "SaleTotal\SaleTotal.csproj", "{329D1F48-B66E-4FDB-B0DE-BD0139BD21B8}"
EndProject
Project("{FAE04EC0-301F-11D3-BF4B-00C04F79EFBC}") = "StudentGrade", "StudentGrade\StudentGrade.csproj", "{466D35BD-BEBE-4BC1-8114-ABBD9CAE135A}"
EndProject
Global
	GlobalSection(SolutionConfigurationPlatforms) = preSolution
		Debug|Any CPU = Debug|Any CPU
		Release|Any CPU = Release|Any CPU
	EndGlobalSection
	GlobalSection(ProjectConfigurationPlatforms) = postSolution
		{329D1F48-B66E-4FDB-B0DE-BD0139BD21B8}.Debug|Any CPU.ActiveCfg = Debug|Any CPU
		{329D1F48-B66E-4FDB-B0DE-BD0139BD21B8}.Debug|Any CPU.Build.0 = Debug|Any CPU
		{329D1F48-B66E-4FDB-B0DE-BD0139BD21B8}.Release|Any CPU.ActiveCfg = Release|Any CPU
		{329D1F48-B66E-4FDB-B0DE-BD0139BD21B8}.Release|Any CPU.Build.0 = Release|Any CPU
		{466D35BD-BEBE-4BC1-8114-ABBD9CAE135A}.Debug|Any CPU.ActiveCfg = Debug|Any CPU
		{466D35BD-BEBE-4BC1-8114-ABBD9CAE135A}.Debug|Any CPU.Build.0 = Debug|Any CPU
		{466D35BD-BEBE-4BC1-8114-ABBD9CAE135A}.Release|Any CPU.ActiveCfg = Release|Any CPU
		{466D35BD-BEBE-4BC1-8114-ABBD9CAE135A}.Release|Any CPU.Build.0 = Release|Any CPU
	EndGlobalSection
	GlobalSection(SolutionProperties) = preSolution
		HideSolutionNode = FALSE
	EndGlobalSection
	GlobalSection(ExtensibilityGlobals) = postSolution
		SolutionGuid = {B90030FA-6018-4438-A548-7C3BE51643D0}
	EndGlobalSection
EndGlobal
